
Microsoft Visual Studio Solution File, Format Version 12.00
# Visual Studio 15
VisualStudioVersion = 15.0.28307.136
MinimumVisualStudioVersion = 10.0.40219.1
Project("{FAE04EC0-301F-11D3-BF4B-00C04F79EFBC}") = "MonoGame", "src\MonoGame\MonoGame.csproj", "{BE09C121-A154-4D99-A698-16CBEA347C5A}"
EndProject
Project("{2150E333-8FDC-42A3-9474-1A3956D46DE8}") = "src", "src", "{306A5932-5ADA-4E50-B139-66E7FCB53E36}"
EndProject
Global
	GlobalSection(SolutionConfigurationPlatforms) = preSolution
		Debug|x86 = Debug|x86
		Release|x86 = Release|x86
	EndGlobalSection
	GlobalSection(ProjectConfigurationPlatforms) = postSolution
		{BE09C121-A154-4D99-A698-16CBEA347C5A}.Debug|x86.ActiveCfg = Debug|x86
		{BE09C121-A154-4D99-A698-16CBEA347C5A}.Debug|x86.Build.0 = Debug|x86
		{BE09C121-A154-4D99-A698-16CBEA347C5A}.Release|x86.ActiveCfg = Release|x86
		{BE09C121-A154-4D99-A698-16CBEA347C5A}.Release|x86.Build.0 = Release|x86
	EndGlobalSection
	GlobalSection(SolutionProperties) = preSolution
		HideSolutionNode = FALSE
	EndGlobalSection
	GlobalSection(NestedProjects) = preSolution
		{BE09C121-A154-4D99-A698-16CBEA347C5A} = {306A5932-5ADA-4E50-B139-66E7FCB53E36}
	EndGlobalSection
	GlobalSection(ExtensibilityGlobals) = postSolution
		SolutionGuid = {6130B5A7-4227-4634-A4A0-D9AB17E7B3C6}
	EndGlobalSection
EndGlobal
